
Microsoft Visual Studio Solution File, Format Version 12.00
# Visual Studio Version 16
VisualStudioVersion = 16.0.33927.289
MinimumVisualStudioVersion = 10.0.40219.1
Project("{FAE04EC0-301F-11D3-BF4B-00C04F79EFBC}") = "Tyuiu.BreslavskayIV.Sprint4.Task0.V9", "Tyuiu.BreslavskayIV.Sprint4.Task0.V9\Tyuiu.BreslavskayIV.Sprint4.Task0.V9.csproj", "{B98607F9-419F-47EC-AB7F-978493A550BF}"
EndProject
Project("{2150E333-8FDC-42A3-9474-1A3956D46DE8}") = "Task0", "Task0", "{A5A72BF7-B4D4-43E5-B673-4B3A4F1DF980}"
EndProject
Project("{FAE04EC0-301F-11D3-BF4B-00C04F79EFBC}") = "Tyuiu.BreslavskayIV.Sprint4.Task0.V9.Lib", "Tyuiu.BreslavskayIV.Sprint4.Task0.V9.Lib\Tyuiu.BreslavskayIV.Sprint4.Task0.V9.Lib.csproj", "{4E28330C-5088-4618-B9F7-6E2D348D5207}"
EndProject
Project("{FAE04EC0-301F-11D3-BF4B-00C04F79EFBC}") = "Tyuiu.BreslavskayIV.Sprint4.Task0.V9.Test", "Tyuiu.BreslavskayIV.Sprint4.Task0.V9.Test\Tyuiu.BreslavskayIV.Sprint4.Task0.V9.Test.csproj", "{6395CBE3-5E87-459C-9A90-1FC326703205}"
EndProject
Project("{2150E333-8FDC-42A3-9474-1A3956D46DE8}") = "Task1", "Task1", "{3A1595D1-035A-4F36-B842-86387040A8F3}"
EndProject
Project("{2150E333-8FDC-42A3-9474-1A3956D46DE8}") = "Task2", "Task2", "{67A914EF-51CF-45DA-BD38-41667786F728}"
EndProject
Project("{2150E333-8FDC-42A3-9474-1A3956D46DE8}") = "Task3", "Task3", "{744D2968-5287-4703-9C64-25F97E5ACAC1}"
EndProject
Project("{2150E333-8FDC-42A3-9474-1A3956D46DE8}") = "Task4", "Task4", "{5D7CB7CE-2382-49E5-B6E1-BA981A52B0ED}"
EndProject
Project("{2150E333-8FDC-42A3-9474-1A3956D46DE8}") = "Task5", "Task5", "{A463CC88-9FDA-4AB4-8E29-AFF4EF0775F2}"
EndProject
Project("{2150E333-8FDC-42A3-9474-1A3956D46DE8}") = "Task6", "Task6", "{2AF736EE-32AE-4C45-B5F0-ED78CFBDD7D2}"
EndProject
Project("{2150E333-8FDC-42A3-9474-1A3956D46DE8}") = "Task7", "Task7", "{9D03BCFE-98BA-4098-A4F6-F2D2DF832C7F}"
EndProject
Project("{FAE04EC0-301F-11D3-BF4B-00C04F79EFBC}") = "Tyuiu.BreslavskayIV.Sprint4.Task1.V11", "Tyuiu.BreslavskayIV.Sprint4.Task1.V11\Tyuiu.BreslavskayIV.Sprint4.Task1.V11.csproj", "{17C0ADBD-BF66-4AFA-801D-2181844A4521}"
EndProject
Project("{FAE04EC0-301F-11D3-BF4B-00C04F79EFBC}") = "Tyuiu.BreslavskayIV.Sprint4.Task1.V11.Lib", "Tyuiu.BreslavskayIV.Sprint4.Task1.V11.Lib\Tyuiu.BreslavskayIV.Sprint4.Task1.V11.Lib.csproj", "{D466E601-4592-45B8-B5F8-7BF94B64BE3C}"
EndProject
Project("{FAE04EC0-301F-11D3-BF4B-00C04F79EFBC}") = "Tyuiu.BreslavskayIV.Sprint4.Task1.V11.Test", "Tyuiu.BreslavskayIV.Sprint4.Task1.V11.Test\Tyuiu.BreslavskayIV.Sprint4.Task1.V11.Test.csproj", "{D9AA0968-6497-43CF-B4CA-B019857B62B0}"
EndProject
Project("{FAE04EC0-301F-11D3-BF4B-00C04F79EFBC}") = "Tyuiu.BreslavskayIV.Sprint4.Task2.V17", "Tyuiu.BreslavskayIV.Sprint4.Task2.V17\Tyuiu.BreslavskayIV.Sprint4.Task2.V17.csproj", "{1C727D6C-D25B-453B-B9D3-1F26750904A0}"
EndProject
Project("{FAE04EC0-301F-11D3-BF4B-00C04F79EFBC}") = "Tyuiu.BreslavskayIV.Sprint4.Task2.V17.Lib", "Tyuiu.BreslavskayIV.Sprint4.Task2.V17.Lib\Tyuiu.BreslavskayIV.Sprint4.Task2.V17.Lib.csproj", "{B918AF39-81A3-4CD8-968A-8391027638E1}"
EndProject
Project("{FAE04EC0-301F-11D3-BF4B-00C04F79EFBC}") = "Tyuiu.BreslavskayIV.Sprint4.Task2.V17.Test", "Tyuiu.BreslavskayIV.Sprint4.Task2.V17.Test\Tyuiu.BreslavskayIV.Sprint4.Task2.V17.Test.csproj", "{B022857B-B4C1-4CAE-AE60-3136EA41F8D4}"
EndProject
Project("{FAE04EC0-301F-11D3-BF4B-00C04F79EFBC}") = "Tyuiu.BreslavskayIV.Sprint4.Task3.V10", "Tyuiu.BreslavskayIV.Sprint4.Task3.V10\Tyuiu.BreslavskayIV.Sprint4.Task3.V10.csproj", "{5FD768F4-BCC2-4C79-BA1E-7E4DBADAED09}"
EndProject
Project("{FAE04EC0-301F-11D3-BF4B-00C04F79EFBC}") = "Tyuiu.BreslavskayIV.Sprint4.Task3.V10.Lib", "Tyuiu.BreslavskayIV.Sprint4.Task3.V10.Lib\Tyuiu.BreslavskayIV.Sprint4.Task3.V10.Lib.csproj", "{AFE8A927-7BCB-4CC6-A3D4-3EAF3D9A27D5}"
EndProject
Project("{FAE04EC0-301F-11D3-BF4B-00C04F79EFBC}") = "Tyuiu.BreslavskayIV.Sprint4.Task3.V10.Test", "Tyuiu.BreslavskayIV.Sprint4.Task3.V10.Test\Tyuiu.BreslavskayIV.Sprint4.Task3.V10.Test.csproj", "{76C319BC-7ABD-46D0-863F-C259F8F1B2ED}"
EndProject
Project("{FAE04EC0-301F-11D3-BF4B-00C04F79EFBC}") = "Tyuiu.BreslavskayIV.Sprint4.Task4.V18", "Tyuiu.BreslavskayIV.Sprint4.Task4.V18\Tyuiu.BreslavskayIV.Sprint4.Task4.V18.csproj", "{6AD1D1D3-7E2A-4F26-A26E-1FBDE380A0F8}"
EndProject
Project("{FAE04EC0-301F-11D3-BF4B-00C04F79EFBC}") = "Tyuiu.BreslavskayIV.Sprint4.Task4.V18.Lib", "Tyuiu.BreslavskayIV.Sprint4.Task4.V18.Lib\Tyuiu.BreslavskayIV.Sprint4.Task4.V18.Lib.csproj", "{FBE1F177-423E-4316-82B2-61FE486C3369}"
EndProject
Project("{FAE04EC0-301F-11D3-BF4B-00C04F79EFBC}") = "Tyuiu.BreslavskayIV.Sprint4.Task4.V18.Test", "Tyuiu.BreslavskayIV.Sprint4.Task4.V18.Test\Tyuiu.BreslavskayIV.Sprint4.Task4.V18.Test.csproj", "{E4A5CD3F-829D-4374-BCE7-B70AC2C1D520}"
EndProject
Project("{FAE04EC0-301F-11D3-BF4B-00C04F79EFBC}") = "Tyuiu.BreslavskayIV.Sprint4.Task5.V9", "Tyuiu.BreslavskayIV.Sprint4.Task5.V9\Tyuiu.BreslavskayIV.Sprint4.Task5.V9.csproj", "{4FB620D8-582E-42E6-AF38-6089BE95A17A}"
EndProject
Project("{FAE04EC0-301F-11D3-BF4B-00C04F79EFBC}") = "Tyuiu.BreslavskayIV.Sprint4.Task5.V9.Lib", "Tyuiu.BreslavskayIV.Sprint4.Task5.V9.Lib\Tyuiu.BreslavskayIV.Sprint4.Task5.V9.Lib.csproj", "{E8E36451-64F3-414F-8834-38303F690CB8}"
EndProject
Project("{FAE04EC0-301F-11D3-BF4B-00C04F79EFBC}") = "Tyuiu.BreslavskayIV.Sprint4.Task5.V9.Test", "Tyuiu.BreslavskayIV.Sprint4.Task5.V9.Test\Tyuiu.BreslavskayIV.Sprint4.Task5.V9.Test.csproj", "{21E43C5C-12EE-461C-9234-9F6DFE904808}"
EndProject
Project("{FAE04EC0-301F-11D3-BF4B-00C04F79EFBC}") = "Tyuiu.BreslavskayIV.Sprint4.Task6.V30", "Tyuiu.BreslavskayIV.Sprint4.Task6.V30\Tyuiu.BreslavskayIV.Sprint4.Task6.V30.csproj", "{23392128-FB4E-4C51-9890-2230942720F9}"
EndProject
Project("{FAE04EC0-301F-11D3-BF4B-00C04F79EFBC}") = "Tyuiu.BreslavskayIV.Sprint4.Task6.V30.Lib", "Tyuiu.BreslavskayIV.Sprint4.Task6.V30.Lib\Tyuiu.BreslavskayIV.Sprint4.Task6.V30.Lib.csproj", "{A85E92B3-C8DA-4A8D-9B26-3DCE425D9995}"
EndProject
Project("{FAE04EC0-301F-11D3-BF4B-00C04F79EFBC}") = "Tyuiu.BreslavskayIV.Sprint4.Task6.V30.Test", "Tyuiu.BreslavskayIV.Sprint4.Task6.V30.Test\Tyuiu.BreslavskayIV.Sprint4.Task6.V30.Test.csproj", "{1A4DD1D2-CF89-41ED-B781-7126D5D51368}"
EndProject
Project("{FAE04EC0-301F-11D3-BF4B-00C04F79EFBC}") = "Tyuiu.BreslavskayIV.Sprint4.Task7.V21", "Tyuiu.BreslavskayIV.Sprint4.Task7.V21\Tyuiu.BreslavskayIV.Sprint4.Task7.V21.csproj", "{859D1A07-E9AD-42A2-9196-9BA2538414CD}"
EndProject
Project("{FAE04EC0-301F-11D3-BF4B-00C04F79EFBC}") = "Tyuiu.BreslavskayIV.Sprint4.Task7.V21.Lib", "Tyuiu.BreslavskayIV.Sprint4.Task7.V21.Lib\Tyuiu.BreslavskayIV.Sprint4.Task7.V21.Lib.csproj", "{B81209B5-D970-40C5-BE1D-8F8F3F3241C4}"
EndProject
Project("{FAE04EC0-301F-11D3-BF4B-00C04F79EFBC}") = "Tyuiu.BreslavskayIV.Sprint4.Task7.V21.Test", "Tyuiu.BreslavskayIV.Sprint4.Task7.V21.Test\Tyuiu.BreslavskayIV.Sprint4.Task7.V21.Test.csproj", "{37E7ACA2-9411-4B32-B241-41B932A36601}"
EndProject
Global
	GlobalSection(SolutionConfigurationPlatforms) = preSolution
		Debug|Any CPU = Debug|Any CPU
		Release|Any CPU = Release|Any CPU
	EndGlobalSection
	GlobalSection(ProjectConfigurationPlatforms) = postSolution
		{B98607F9-419F-47EC-AB7F-978493A550BF}.Debug|Any CPU.ActiveCfg = Debug|Any CPU
		{B98607F9-419F-47EC-AB7F-978493A550BF}.Debug|Any CPU.Build.0 = Debug|Any CPU
		{B98607F9-419F-47EC-AB7F-978493A550BF}.Release|Any CPU.ActiveCfg = Release|Any CPU
		{B98607F9-419F-47EC-AB7F-978493A550BF}.Release|Any CPU.Build.0 = Release|Any CPU
		{4E28330C-5088-4618-B9F7-6E2D348D5207}.Debug|Any CPU.ActiveCfg = Debug|Any CPU
		{4E28330C-5088-4618-B9F7-6E2D348D5207}.Debug|Any CPU.Build.0 = Debug|Any CPU
		{4E28330C-5088-4618-B9F7-6E2D348D5207}.Release|Any CPU.ActiveCfg = Release|Any CPU
		{4E28330C-5088-4618-B9F7-6E2D348D5207}.Release|Any CPU.Build.0 = Release|Any CPU
		{6395CBE3-5E87-459C-9A90-1FC326703205}.Debug|Any CPU.ActiveCfg = Debug|Any CPU
		{6395CBE3-5E87-459C-9A90-1FC326703205}.Debug|Any CPU.Build.0 = Debug|Any CPU
		{6395CBE3-5E87-459C-9A90-1FC326703205}.Release|Any CPU.ActiveCfg = Release|Any CPU
		{6395CBE3-5E87-459C-9A90-1FC326703205}.Release|Any CPU.Build.0 = Release|Any CPU
		{17C0ADBD-BF66-4AFA-801D-2181844A4521}.Debug|Any CPU.ActiveCfg = Debug|Any CPU
		{17C0ADBD-BF66-4AFA-801D-2181844A4521}.Debug|Any CPU.Build.0 = Debug|Any CPU
		{17C0ADBD-BF66-4AFA-801D-2181844A4521}.Release|Any CPU.ActiveCfg = Release|Any CPU
		{17C0ADBD-BF66-4AFA-801D-2181844A4521}.Release|Any CPU.Build.0 = Release|Any CPU
		{D466E601-4592-45B8-B5F8-7BF94B64BE3C}.Debug|Any CPU.ActiveCfg = Debug|Any CPU
		{D466E601-4592-45B8-B5F8-7BF94B64BE3C}.Debug|Any CPU.Build.0 = Debug|Any CPU
		{D466E601-4592-45B8-B5F8-7BF94B64BE3C}.Release|Any CPU.ActiveCfg = Release|Any CPU
		{D466E601-4592-45B8-B5F8-7BF94B64BE3C}.Release|Any CPU.Build.0 = Release|Any CPU
		{D9AA0968-6497-43CF-B4CA-B019857B62B0}.Debug|Any CPU.ActiveCfg = Debug|Any CPU
		{D9AA0968-6497-43CF-B4CA-B019857B62B0}.Debug|Any CPU.Build.0 = Debug|Any CPU
		{D9AA0968-6497-43CF-B4CA-B019857B62B0}.Release|Any CPU.ActiveCfg = Release|Any CPU
		{D9AA0968-6497-43CF-B4CA-B019857B62B0}.Release|Any CPU.Build.0 = Release|Any CPU
		{1C727D6C-D25B-453B-B9D3-1F26750904A0}.Debug|Any CPU.ActiveCfg = Debug|Any CPU
		{1C727D6C-D25B-453B-B9D3-1F26750904A0}.Debug|Any CPU.Build.0 = Debug|Any CPU
		{1C727D6C-D25B-453B-B9D3-1F26750904A0}.Release|Any CPU.ActiveCfg = Release|Any CPU
		{1C727D6C-D25B-453B-B9D3-1F26750904A0}.Release|Any CPU.Build.0 = Release|Any CPU
		{B918AF39-81A3-4CD8-968A-8391027638E1}.Debug|Any CPU.ActiveCfg = Debug|Any CPU
		{B918AF39-81A3-4CD8-968A-8391027638E1}.Debug|Any CPU.Build.0 = Debug|Any CPU
		{B918AF39-81A3-4CD8-968A-8391027638E1}.Release|Any CPU.ActiveCfg = Release|Any CPU
		{B918AF39-81A3-4CD8-968A-8391027638E1}.Release|Any CPU.Build.0 = Release|Any CPU
		{B022857B-B4C1-4CAE-AE60-3136EA41F8D4}.Debug|Any CPU.ActiveCfg = Debug|Any CPU
		{B022857B-B4C1-4CAE-AE60-3136EA41F8D4}.Debug|Any CPU.Build.0 = Debug|Any CPU
		{B022857B-B4C1-4CAE-AE60-3136EA41F8D4}.Release|Any CPU.ActiveCfg = Release|Any CPU
		{B022857B-B4C1-4CAE-AE60-3136EA41F8D4}.Release|Any CPU.Build.0 = Release|Any CPU
		{5FD768F4-BCC2-4C79-BA1E-7E4DBADAED09}.Debug|Any CPU.ActiveCfg = Debug|Any CPU
		{5FD768F4-BCC2-4C79-BA1E-7E4DBADAED09}.Debug|Any CPU.Build.0 = Debug|Any CPU
		{5FD768F4-BCC2-4C79-BA1E-7E4DBADAED09}.Release|Any CPU.ActiveCfg = Release|Any CPU
		{5FD768F4-BCC2-4C79-BA1E-7E4DBADAED09}.Release|Any CPU.Build.0 = Release|Any CPU
		{AFE8A927-7BCB-4CC6-A3D4-3EAF3D9A27D5}.Debug|Any CPU.ActiveCfg = Debug|Any CPU
		{AFE8A927-7BCB-4CC6-A3D4-3EAF3D9A27D5}.Debug|Any CPU.Build.0 = Debug|Any CPU
		{AFE8A927-7BCB-4CC6-A3D4-3EAF3D9A27D5}.Release|Any CPU.ActiveCfg = Release|Any CPU
		{AFE8A927-7BCB-4CC6-A3D4-3EAF3D9A27D5}.Release|Any CPU.Build.0 = Release|Any CPU
		{76C319BC-7ABD-46D0-863F-C259F8F1B2ED}.Debug|Any CPU.ActiveCfg = Debug|Any CPU
		{76C319BC-7ABD-46D0-863F-C259F8F1B2ED}.Debug|Any CPU.Build.0 = Debug|Any CPU
		{76C319BC-7ABD-46D0-863F-C259F8F1B2ED}.Release|Any CPU.ActiveCfg = Release|Any CPU
		{76C319BC-7ABD-46D0-863F-C259F8F1B2ED}.Release|Any CPU.Build.0 = Release|Any CPU
		{6AD1D1D3-7E2A-4F26-A26E-1FBDE380A0F8}.Debug|Any CPU.ActiveCfg = Debug|Any CPU
		{6AD1D1D3-7E2A-4F26-A26E-1FBDE380A0F8}.Debug|Any CPU.Build.0 = Debug|Any CPU
		{6AD1D1D3-7E2A-4F26-A26E-1FBDE380A0F8}.Release|Any CPU.ActiveCfg = Release|Any CPU
		{6AD1D1D3-7E2A-4F26-A26E-1FBDE380A0F8}.Release|Any CPU.Build.0 = Release|Any CPU
		{FBE1F177-423E-4316-82B2-61FE486C3369}.Debug|Any CPU.ActiveCfg = Debug|Any CPU
		{FBE1F177-423E-4316-82B2-61FE486C3369}.Debug|Any CPU.Build.0 = Debug|Any CPU
		{FBE1F177-423E-4316-82B2-61FE486C3369}.Release|Any CPU.ActiveCfg = Release|Any CPU
		{FBE1F177-423E-4316-82B2-61FE486C3369}.Release|Any CPU.Build.0 = Release|Any CPU
		{E4A5CD3F-829D-4374-BCE7-B70AC2C1D520}.Debug|Any CPU.ActiveCfg = Debug|Any CPU
		{E4A5CD3F-829D-4374-BCE7-B70AC2C1D520}.Debug|Any CPU.Build.0 = Debug|Any CPU
		{E4A5CD3F-829D-4374-BCE7-B70AC2C1D520}.Release|Any CPU.ActiveCfg = Release|Any CPU
		{E4A5CD3F-829D-4374-BCE7-B70AC2C1D520}.Release|Any CPU.Build.0 = Release|Any CPU
		{4FB620D8-582E-42E6-AF38-6089BE95A17A}.Debug|Any CPU.ActiveCfg = Debug|Any CPU
		{4FB620D8-582E-42E6-AF38-6089BE95A17A}.Debug|Any CPU.Build.0 = Debug|Any CPU
		{4FB620D8-582E-42E6-AF38-6089BE95A17A}.Release|Any CPU.ActiveCfg = Release|Any CPU
		{4FB620D8-582E-42E6-AF38-6089BE95A17A}.Release|Any CPU.Build.0 = Release|Any CPU
		{E8E36451-64F3-414F-8834-38303F690CB8}.Debug|Any CPU.ActiveCfg = Debug|Any CPU
		{E8E36451-64F3-414F-8834-38303F690CB8}.Debug|Any CPU.Build.0 = Debug|Any CPU
		{E8E36451-64F3-414F-8834-38303F690CB8}.Release|Any CPU.ActiveCfg = Release|Any CPU
		{E8E36451-64F3-414F-8834-38303F690CB8}.Release|Any CPU.Build.0 = Release|Any CPU
		{21E43C5C-12EE-461C-9234-9F6DFE904808}.Debug|Any CPU.ActiveCfg = Debug|Any CPU
		{21E43C5C-12EE-461C-9234-9F6DFE904808}.Debug|Any CPU.Build.0 = Debug|Any CPU
		{21E43C5C-12EE-461C-9234-9F6DFE904808}.Release|Any CPU.ActiveCfg = Release|Any CPU
		{21E43C5C-12EE-461C-9234-9F6DFE904808}.Release|Any CPU.Build.0 = Release|Any CPU
		{23392128-FB4E-4C51-9890-2230942720F9}.Debug|Any CPU.ActiveCfg = Debug|Any CPU
		{23392128-FB4E-4C51-9890-2230942720F9}.Debug|Any CPU.Build.0 = Debug|Any CPU
		{23392128-FB4E-4C51-9890-2230942720F9}.Release|Any CPU.ActiveCfg = Release|Any CPU
		{23392128-FB4E-4C51-9890-2230942720F9}.Release|Any CPU.Build.0 = Release|Any CPU
		{A85E92B3-C8DA-4A8D-9B26-3DCE425D9995}.Debug|Any CPU.ActiveCfg = Debug|Any CPU
		{A85E92B3-C8DA-4A8D-9B26-3DCE425D9995}.Debug|Any CPU.Build.0 = Debug|Any CPU
		{A85E92B3-C8DA-4A8D-9B26-3DCE425D9995}.Release|Any CPU.ActiveCfg = Release|Any CPU
		{A85E92B3-C8DA-4A8D-9B26-3DCE425D9995}.Release|Any CPU.Build.0 = Release|Any CPU
		{1A4DD1D2-CF89-41ED-B781-7126D5D51368}.Debug|Any CPU.ActiveCfg = Debug|Any CPU
		{1A4DD1D2-CF89-41ED-B781-7126D5D51368}.Debug|Any CPU.Build.0 = Debug|Any CPU
		{1A4DD1D2-CF89-41ED-B781-7126D5D51368}.Release|Any CPU.ActiveCfg = Release|Any CPU
		{1A4DD1D2-CF89-41ED-B781-7126D5D51368}.Release|Any CPU.Build.0 = Release|Any CPU
		{859D1A07-E9AD-42A2-9196-9BA2538414CD}.Debug|Any CPU.ActiveCfg = Debug|Any CPU
		{859D1A07-E9AD-42A2-9196-9BA2538414CD}.Debug|Any CPU.Build.0 = Debug|Any CPU
		{859D1A07-E9AD-42A2-9196-9BA2538414CD}.Release|Any CPU.ActiveCfg = Release|Any CPU
		{859D1A07-E9AD-42A2-9196-9BA2538414CD}.Release|Any CPU.Build.0 = Release|Any CPU
		{B81209B5-D970-40C5-BE1D-8F8F3F3241C4}.Debug|Any CPU.ActiveCfg = Debug|Any CPU
		{B81209B5-D970-40C5-BE1D-8F8F3F3241C4}.Debug|Any CPU.Build.0 = Debug|Any CPU
		{B81209B5-D970-40C5-BE1D-8F8F3F3241C4}.Release|Any CPU.ActiveCfg = Release|Any CPU
		{B81209B5-D970-40C5-BE1D-8F8F3F3241C4}.Release|Any CPU.Build.0 = Release|Any CPU
		{37E7ACA2-9411-4B32-B241-41B932A36601}.Debug|Any CPU.ActiveCfg = Debug|Any CPU
		{37E7ACA2-9411-4B32-B241-41B932A36601}.Debug|Any CPU.Build.0 = Debug|Any CPU
		{37E7ACA2-9411-4B32-B241-41B932A36601}.Release|Any CPU.ActiveCfg = Release|Any CPU
		{37E7ACA2-9411-4B32-B241-41B932A36601}.Release|Any CPU.Build.0 = Release|Any CPU
	EndGlobalSection
	GlobalSection(SolutionProperties) = preSolution
		HideSolutionNode = FALSE
	EndGlobalSection
	GlobalSection(NestedProjects) = preSolution
		{B98607F9-419F-47EC-AB7F-978493A550BF} = {A5A72BF7-B4D4-43E5-B673-4B3A4F1DF980}
		{4E28330C-5088-4618-B9F7-6E2D348D5207} = {A5A72BF7-B4D4-43E5-B673-4B3A4F1DF980}
		{6395CBE3-5E87-459C-9A90-1FC326703205} = {A5A72BF7-B4D4-43E5-B673-4B3A4F1DF980}
		{17C0ADBD-BF66-4AFA-801D-2181844A4521} = {3A1595D1-035A-4F36-B842-86387040A8F3}
		{D466E601-4592-45B8-B5F8-7BF94B64BE3C} = {3A1595D1-035A-4F36-B842-86387040A8F3}
		{D9AA0968-6497-43CF-B4CA-B019857B62B0} = {3A1595D1-035A-4F36-B842-86387040A8F3}
		{1C727D6C-D25B-453B-B9D3-1F26750904A0} = {67A914EF-51CF-45DA-BD38-41667786F728}
		{B918AF39-81A3-4CD8-968A-8391027638E1} = {67A914EF-51CF-45DA-BD38-41667786F728}
		{B022857B-B4C1-4CAE-AE60-3136EA41F8D4} = {67A914EF-51CF-45DA-BD38-41667786F728}
		{5FD768F4-BCC2-4C79-BA1E-7E4DBADAED09} = {744D2968-5287-4703-9C64-25F97E5ACAC1}
		{AFE8A927-7BCB-4CC6-A3D4-3EAF3D9A27D5} = {744D2968-5287-4703-9C64-25F97E5ACAC1}
		{76C319BC-7ABD-46D0-863F-C259F8F1B2ED} = {744D2968-5287-4703-9C64-25F97E5ACAC1}
		{6AD1D1D3-7E2A-4F26-A26E-1FBDE380A0F8} = {5D7CB7CE-2382-49E5-B6E1-BA981A52B0ED}
		{FBE1F177-423E-4316-82B2-61FE486C3369} = {5D7CB7CE-2382-49E5-B6E1-BA981A52B0ED}
		{E4A5CD3F-829D-4374-BCE7-B70AC2C1D520} = {5D7CB7CE-2382-49E5-B6E1-BA981A52B0ED}
		{4FB620D8-582E-42E6-AF38-6089BE95A17A} = {A463CC88-9FDA-4AB4-8E29-AFF4EF0775F2}
		{E8E36451-64F3-414F-8834-38303F690CB8} = {A463CC88-9FDA-4AB4-8E29-AFF4EF0775F2}
		{21E43C5C-12EE-461C-9234-9F6DFE904808} = {A463CC88-9FDA-4AB4-8E29-AFF4EF0775F2}
		{23392128-FB4E-4C51-9890-2230942720F9} = {2AF736EE-32AE-4C45-B5F0-ED78CFBDD7D2}
		{A85E92B3-C8DA-4A8D-9B26-3DCE425D9995} = {2AF736EE-32AE-4C45-B5F0-ED78CFBDD7D2}
		{1A4DD1D2-CF89-41ED-B781-7126D5D51368} = {2AF736EE-32AE-4C45-B5F0-ED78CFBDD7D2}
		{859D1A07-E9AD-42A2-9196-9BA2538414CD} = {9D03BCFE-98BA-4098-A4F6-F2D2DF832C7F}
		{B81209B5-D970-40C5-BE1D-8F8F3F3241C4} = {9D03BCFE-98BA-4098-A4F6-F2D2DF832C7F}
		{37E7ACA2-9411-4B32-B241-41B932A36601} = {9D03BCFE-98BA-4098-A4F6-F2D2DF832C7F}
	EndGlobalSection
	GlobalSection(ExtensibilityGlobals) = postSolution
		SolutionGuid = {C7EF78B8-A3A4-4EFE-B78D-44ED3B8B3EF1}
	EndGlobalSection
EndGlobal
